
Microsoft Visual Studio Solution File, Format Version 12.00
# Visual Studio Version 16
VisualStudioVersion = 16.0.30517.126
MinimumVisualStudioVersion = 10.0.40219.1
Project("{FAE04EC0-301F-11D3-BF4B-00C04F79EFBC}") = "PortfolioWebApp", "PortfolioWebApp\PortfolioWebApp.csproj", "{98AEDF4E-D254-4B24-8F31-98A423CD711E}"
EndProject
Global
	GlobalSection(SolutionConfigurationPlatforms) = preSolution
		Debug|Any CPU = Debug|Any CPU
		Release|Any CPU = Release|Any CPU
	EndGlobalSection
	GlobalSection(ProjectConfigurationPlatforms) = postSolution
		{98AEDF4E-D254-4B24-8F31-98A423CD711E}.Debug|Any CPU.ActiveCfg = Debug|Any CPU
		{98AEDF4E-D254-4B24-8F31-98A423CD711E}.Debug|Any CPU.Build.0 = Debug|Any CPU
		{98AEDF4E-D254-4B24-8F31-98A423CD711E}.Release|Any CPU.ActiveCfg = Release|Any CPU
		{98AEDF4E-D254-4B24-8F31-98A423CD711E}.Release|Any CPU.Build.0 = Release|Any CPU
	EndGlobalSection
	GlobalSection(SolutionProperties) = preSolution
		HideSolutionNode = FALSE
	EndGlobalSection
	GlobalSection(ExtensibilityGlobals) = postSolution
		SolutionGuid = {F9B2CB5D-6B89-4352-ADA2-5DD9DB63A4EA}
	EndGlobalSection
EndGlobal
